
Microsoft Visual Studio Solution File, Format Version 12.00
# Visual Studio Version 17
VisualStudioVersion = 17.2.32526.322
MinimumVisualStudioVersion = 10.0.40219.1
Project("{9A19103F-16F7-4668-BE54-9A1E7A4F7556}") = "FiguresLibrary", "FiguresLibrary\FiguresLibrary.csproj", "{61D8EE0F-8104-489C-8BCC-0D2281F22DE1}"
EndProject
Project("{9A19103F-16F7-4668-BE54-9A1E7A4F7556}") = "SquareApp", "SquareApp\SquareApp.csproj", "{D57AC273-32BB-4E7A-B2FF-AD47FAFCB15B}"
EndProject
Project("{FAE04EC0-301F-11D3-BF4B-00C04F79EFBC}") = "FiguresLibrary.Tests", "FiguresLibrary.Tests\FiguresLibrary.Tests.csproj", "{D2AAF5EA-8115-42FE-B2BC-5C2D8AFDF690}"
EndProject
Global
	GlobalSection(SolutionConfigurationPlatforms) = preSolution
		Debug|Any CPU = Debug|Any CPU
		Release|Any CPU = Release|Any CPU
	EndGlobalSection
	GlobalSection(ProjectConfigurationPlatforms) = postSolution
		{61D8EE0F-8104-489C-8BCC-0D2281F22DE1}.Debug|Any CPU.ActiveCfg = Debug|Any CPU
		{61D8EE0F-8104-489C-8BCC-0D2281F22DE1}.Debug|Any CPU.Build.0 = Debug|Any CPU
		{61D8EE0F-8104-489C-8BCC-0D2281F22DE1}.Release|Any CPU.ActiveCfg = Release|Any CPU
		{61D8EE0F-8104-489C-8BCC-0D2281F22DE1}.Release|Any CPU.Build.0 = Release|Any CPU
		{D57AC273-32BB-4E7A-B2FF-AD47FAFCB15B}.Debug|Any CPU.ActiveCfg = Debug|Any CPU
		{D57AC273-32BB-4E7A-B2FF-AD47FAFCB15B}.Debug|Any CPU.Build.0 = Debug|Any CPU
		{D57AC273-32BB-4E7A-B2FF-AD47FAFCB15B}.Release|Any CPU.ActiveCfg = Release|Any CPU
		{D57AC273-32BB-4E7A-B2FF-AD47FAFCB15B}.Release|Any CPU.Build.0 = Release|Any CPU
		{D2AAF5EA-8115-42FE-B2BC-5C2D8AFDF690}.Debug|Any CPU.ActiveCfg = Debug|Any CPU
		{D2AAF5EA-8115-42FE-B2BC-5C2D8AFDF690}.Debug|Any CPU.Build.0 = Debug|Any CPU
		{D2AAF5EA-8115-42FE-B2BC-5C2D8AFDF690}.Release|Any CPU.ActiveCfg = Release|Any CPU
		{D2AAF5EA-8115-42FE-B2BC-5C2D8AFDF690}.Release|Any CPU.Build.0 = Release|Any CPU
	EndGlobalSection
	GlobalSection(SolutionProperties) = preSolution
		HideSolutionNode = FALSE
	EndGlobalSection
	GlobalSection(ExtensibilityGlobals) = postSolution
		SolutionGuid = {E23E8133-5E36-4D08-9551-8FA91F84C7FD}
	EndGlobalSection
EndGlobal
